
Microsoft Visual Studio Solution File, Format Version 12.00
# Visual Studio Version 16
VisualStudioVersion = 16.0.31702.278
MinimumVisualStudioVersion = 10.0.40219.1
Project("{8BC9CEB8-8B4A-11D0-8D11-00A0C91BC942}") = "PandA_lab_1", "PandA_lab_1\PandA_lab_1.vcxproj", "{6173859B-D476-4CBA-9D8F-C4F6C7E17D12}"
EndProject
Global
	GlobalSection(SolutionConfigurationPlatforms) = preSolution
		Debug|x64 = Debug|x64
		Debug|x86 = Debug|x86
		Release|x64 = Release|x64
		Release|x86 = Release|x86
	EndGlobalSection
	GlobalSection(ProjectConfigurationPlatforms) = postSolution
		{6173859B-D476-4CBA-9D8F-C4F6C7E17D12}.Debug|x64.ActiveCfg = Debug|x64
		{6173859B-D476-4CBA-9D8F-C4F6C7E17D12}.Debug|x64.Build.0 = Debug|x64
		{6173859B-D476-4CBA-9D8F-C4F6C7E17D12}.Debug|x86.ActiveCfg = Debug|Win32
		{6173859B-D476-4CBA-9D8F-C4F6C7E17D12}.Debug|x86.Build.0 = Debug|Win32
		{6173859B-D476-4CBA-9D8F-C4F6C7E17D12}.Release|x64.ActiveCfg = Release|x64
		{6173859B-D476-4CBA-9D8F-C4F6C7E17D12}.Release|x64.Build.0 = Release|x64
		{6173859B-D476-4CBA-9D8F-C4F6C7E17D12}.Release|x86.ActiveCfg = Release|Win32
		{6173859B-D476-4CBA-9D8F-C4F6C7E17D12}.Release|x86.Build.0 = Release|Win32
	EndGlobalSection
	GlobalSection(SolutionProperties) = preSolution
		HideSolutionNode = FALSE
	EndGlobalSection
	GlobalSection(ExtensibilityGlobals) = postSolution
		SolutionGuid = {AE6DAA91-459B-42B4-9BF7-A85A1DE2BB40}
	EndGlobalSection
EndGlobal
